
Microsoft Visual Studio Solution File, Format Version 12.00
# Visual Studio Version 16
VisualStudioVersion = 16.0.30503.244
MinimumVisualStudioVersion = 10.0.40219.1
Project("{9A19103F-16F7-4668-BE54-9A1E7A4F7556}") = "ConvenienceTools", "ConvenienceTools\ConvenienceTools.csproj", "{4845D2EF-AB0C-44D6-8181-C741DDA479AF}"
EndProject
Project("{FAE04EC0-301F-11D3-BF4B-00C04F79EFBC}") = "ConvenienceTools_test", "ConvenienceTools_test\ConvenienceTools_test.csproj", "{D6F9060F-8EED-4419-9141-1C4AB94C1A91}"
	ProjectSection(ProjectDependencies) = postProject
		{4845D2EF-AB0C-44D6-8181-C741DDA479AF} = {4845D2EF-AB0C-44D6-8181-C741DDA479AF}
	EndProjectSection
EndProject
Global
	GlobalSection(SolutionConfigurationPlatforms) = preSolution
		Debug|Any CPU = Debug|Any CPU
		Release|Any CPU = Release|Any CPU
	EndGlobalSection
	GlobalSection(ProjectConfigurationPlatforms) = postSolution
		{4845D2EF-AB0C-44D6-8181-C741DDA479AF}.Debug|Any CPU.ActiveCfg = Debug|Any CPU
		{4845D2EF-AB0C-44D6-8181-C741DDA479AF}.Debug|Any CPU.Build.0 = Debug|Any CPU
		{4845D2EF-AB0C-44D6-8181-C741DDA479AF}.Release|Any CPU.ActiveCfg = Release|Any CPU
		{4845D2EF-AB0C-44D6-8181-C741DDA479AF}.Release|Any CPU.Build.0 = Release|Any CPU
		{D6F9060F-8EED-4419-9141-1C4AB94C1A91}.Debug|Any CPU.ActiveCfg = Debug|Any CPU
		{D6F9060F-8EED-4419-9141-1C4AB94C1A91}.Debug|Any CPU.Build.0 = Debug|Any CPU
		{D6F9060F-8EED-4419-9141-1C4AB94C1A91}.Release|Any CPU.ActiveCfg = Release|Any CPU
		{D6F9060F-8EED-4419-9141-1C4AB94C1A91}.Release|Any CPU.Build.0 = Release|Any CPU
	EndGlobalSection
	GlobalSection(SolutionProperties) = preSolution
		HideSolutionNode = FALSE
	EndGlobalSection
	GlobalSection(ExtensibilityGlobals) = postSolution
		SolutionGuid = {E56725D5-3368-457E-86C0-10E836AF8BB4}
	EndGlobalSection
EndGlobal
